
Microsoft Visual Studio Solution File, Format Version 12.00
# Visual Studio Version 16
VisualStudioVersion = 16.0.28922.388
MinimumVisualStudioVersion = 10.0.40219.1
Project("{2150E333-8FDC-42A3-9474-1A3956D46DE8}") = "Feature", "Feature", "{22B917EC-D855-4A03-911F-E28A430C1DCC}"
EndProject
Project("{2150E333-8FDC-42A3-9474-1A3956D46DE8}") = "Foundation", "Foundation", "{1AA2A2B0-5143-4A1A-99F0-3BEAE05B6472}"
EndProject
Project("{2150E333-8FDC-42A3-9474-1A3956D46DE8}") = "Project", "Project", "{98C744F2-6B76-4626-8811-F42F2B9B5D4F}"
EndProject
Project("{2150E333-8FDC-42A3-9474-1A3956D46DE8}") = "Build", "Build", "{94718ED4-3DF5-4E9E-AC87-4AE50BA4106C}"
	ProjectSection(SolutionItems) = preProject
		.editorconfig = .editorconfig
		Directory.Build.props = Directory.Build.props
		Directory.Build.targets = Directory.Build.targets
		nuget.config = nuget.config
		README.md = README.md
		build\Solution.config = build\Solution.config
	EndProjectSection
EndProject
Project("{2150E333-8FDC-42A3-9474-1A3956D46DE8}") = "props", "props", "{1C1BBDF1-B60F-40C0-A361-AFF6E67D69FC}"
	ProjectSection(SolutionItems) = preProject
		build\props\Tests.PackageReferences.props = build\props\Tests.PackageReferences.props
		build\props\Website.BuildProperties.props = build\props\Website.BuildProperties.props
		build\props\Website.PackageReferences.props = build\props\Website.PackageReferences.props
		build\props\Website.ProjectContent.props = build\props\Website.ProjectContent.props
		build\props\Website.Publishing.props = build\props\Website.Publishing.props
		build\props\Website.References.props = build\props\Website.References.props
	EndProjectSection
EndProject
Project("{2150E333-8FDC-42A3-9474-1A3956D46DE8}") = "targets", "targets", "{D40F223C-0EBB-404F-BE65-DC80CA7A9CCF}"
	ProjectSection(SolutionItems) = preProject
		build\targets\Website.AutoPublish.targets = build\targets\Website.AutoPublish.targets
		build\targets\Website.DoNotPublishAssembly.props = build\targets\Website.DoNotPublishAssembly.props
		build\targets\Website.PublishSingleItem.targets = build\targets\Website.PublishSingleItem.targets
		build\targets\Website.RemoveDoNotPublishAssembly.targets = build\targets\Website.RemoveDoNotPublishAssembly.targets
		build\targets\Website.TransformXml.targets = build\targets\Website.TransformXml.targets
	EndProjectSection
EndProject
Project("{2150E333-8FDC-42A3-9474-1A3956D46DE8}") = "Common", "Common", "{5D03D750-7865-4CF6-BF81-00E83A71AF83}"
EndProject
Project("{2150E333-8FDC-42A3-9474-1A3956D46DE8}") = "Habitat", "Habitat", "{CDDD3E55-E8A4-4D52-800E-708E4F4E2F6D}"
EndProject
Project("{2150E333-8FDC-42A3-9474-1A3956D46DE8}") = "Theming", "Theming", "{4453812E-6211-488E-A51C-A8E105C03582}"
EndProject
Project("{2150E333-8FDC-42A3-9474-1A3956D46DE8}") = "Testing", "Testing", "{457536D5-D799-4DB2-A10A-1F93AAAC5A2A}"
EndProject
Project("{2150E333-8FDC-42A3-9474-1A3956D46DE8}") = "SitecoreExtensions", "SitecoreExtensions", "{FCE923C8-BC5F-48C7-925B-5B563992A500}"
EndProject
Project("{2150E333-8FDC-42A3-9474-1A3956D46DE8}") = "Serialization", "Serialization", "{96922F54-03EB-4B77-8130-CA0F6E6F2108}"
EndProject
Project("{2150E333-8FDC-42A3-9474-1A3956D46DE8}") = "Multisite", "Multisite", "{E2F9D5E0-75B9-4E93-A606-113CCD579C93}"
EndProject
Project("{2150E333-8FDC-42A3-9474-1A3956D46DE8}") = "LocalDatasource", "LocalDatasource", "{112632E9-7B26-475D-A9C2-7512D47B8D98}"
EndProject
Project("{2150E333-8FDC-42A3-9474-1A3956D46DE8}") = "Installer", "Installer", "{2E7FCB17-EC50-409C-954B-5283411C5A12}"
EndProject
Project("{2150E333-8FDC-42A3-9474-1A3956D46DE8}") = "Indexing", "Indexing", "{86149F89-6E57-4483-8C4D-3A8FCBE32906}"
EndProject
Project("{2150E333-8FDC-42A3-9474-1A3956D46DE8}") = "FieldEditor", "FieldEditor", "{393FEF48-4615-43CE-A515-76335E2053C1}"
EndProject
Project("{2150E333-8FDC-42A3-9474-1A3956D46DE8}") = "Dictionary", "Dictionary", "{91AF7FE9-A1B6-447A-86CC-5F2C5916797B}"
EndProject
Project("{2150E333-8FDC-42A3-9474-1A3956D46DE8}") = "DependencyInjection", "DependencyInjection", "{309CABAD-30ED-4BC8-9777-C406DAA8B5E2}"
EndProject
Project("{2150E333-8FDC-42A3-9474-1A3956D46DE8}") = "Assets", "Assets", "{EAA3BB91-064E-488B-950E-8AFD3A0F1A18}"
EndProject
Project("{2150E333-8FDC-42A3-9474-1A3956D46DE8}") = "Alerts", "Alerts", "{4771E44E-5CBD-48E4-9B48-C1AEDB37E11A}"
EndProject
Project("{2150E333-8FDC-42A3-9474-1A3956D46DE8}") = "Accounts", "Accounts", "{2DF91B19-2323-418D-80C8-A51C51C25321}"
EndProject
Project("{2150E333-8FDC-42A3-9474-1A3956D46DE8}") = "Teasers", "Teasers", "{3752B9F6-D9AF-4624-9442-96D4A25471A8}"
EndProject
Project("{2150E333-8FDC-42A3-9474-1A3956D46DE8}") = "Social", "Social", "{B52ACBF8-14A9-4F4D-A576-9F4E8301A6CF}"
EndProject
Project("{2150E333-8FDC-42A3-9474-1A3956D46DE8}") = "Search", "Search", "{22B64DCC-4804-4413-B1AF-80DCAEA9262C}"
EndProject
Project("{2150E333-8FDC-42A3-9474-1A3956D46DE8}") = "Person", "Person", "{02045F97-BB8C-41A0-B15C-499119F9DE1D}"
EndProject
Project("{2150E333-8FDC-42A3-9474-1A3956D46DE8}") = "PageContent", "PageContent", "{E074282F-597E-4329-A17B-BDAF31C44CC0}"
EndProject
Project("{2150E333-8FDC-42A3-9474-1A3956D46DE8}") = "News", "News", "{EB2B6545-01B3-48F6-8D45-4E9D011D7C54}"
EndProject
Project("{2150E333-8FDC-42A3-9474-1A3956D46DE8}") = "Navigation", "Navigation", "{161C245F-AB3A-4DC3-B6C6-8D8554C9C7E6}"
EndProject
Project("{2150E333-8FDC-42A3-9474-1A3956D46DE8}") = "Multisite", "Multisite", "{14851AE4-9E7A-433A-8E88-20F8C5052B16}"
EndProject
Project("{2150E333-8FDC-42A3-9474-1A3956D46DE8}") = "Metadata", "Metadata", "{40F7DA7F-9A33-4025-AD0A-585DE76D83DC}"
EndProject
Project("{2150E333-8FDC-42A3-9474-1A3956D46DE8}") = "Media", "Media", "{CAF70A40-D3DF-4B02-8A64-7A85808000B9}"
EndProject
Project("{2150E333-8FDC-42A3-9474-1A3956D46DE8}") = "Maps", "Maps", "{B7C6335C-70C5-4B3D-AC74-A71E51AA221D}"
EndProject
Project("{2150E333-8FDC-42A3-9474-1A3956D46DE8}") = "Language", "Language", "{C91E6B9F-A512-4414-B023-73409CD07079}"
EndProject
Project("{2150E333-8FDC-42A3-9474-1A3956D46DE8}") = "Identity", "Identity", "{C8CE43E5-88F5-4780-A1B2-08C0505BC65B}"
EndProject
Project("{2150E333-8FDC-42A3-9474-1A3956D46DE8}") = "FAQ", "FAQ", "{E35C26DE-87A5-4525-BF5D-8EEC05D6BA0C}"
EndProject
Project("{2150E333-8FDC-42A3-9474-1A3956D46DE8}") = "Demo", "Demo", "{FD71895F-85F8-4925-9910-19F98CE6909C}"
EndProject
Project("{2150E333-8FDC-42A3-9474-1A3956D46DE8}") = "Accounts", "Accounts", "{1886707C-C902-444F-A993-2218DAC1A4B7}"
EndProject
Project("{9A19103F-16F7-4668-BE54-9A1E7A4F7556}") = "Sitecore.Foundation.Theming", "src\Foundation\Theming\code\Sitecore.Foundation.Theming.csproj", "{98DE0D1D-26F1-4CCA-847C-4E0FC2DBA5FC}"
EndProject
Project("{9A19103F-16F7-4668-BE54-9A1E7A4F7556}") = "Sitecore.Foundation.Theming.Tests", "src\Foundation\Theming\tests\Sitecore.Foundation.Theming.Tests.csproj", "{A4C73B2A-8F4A-48C5-BFEE-EA31B3DC34D3}"
EndProject
Project("{9A19103F-16F7-4668-BE54-9A1E7A4F7556}") = "Sitecore.Foundation.Testing", "src\Foundation\Testing\tests\Sitecore.Foundation.Testing.csproj", "{7CC3D72B-4518-4B78-BE48-630A263C0F5B}"
EndProject
Project("{9A19103F-16F7-4668-BE54-9A1E7A4F7556}") = "Sitecore.Foundation.SitecoreExtensions", "src\Foundation\SitecoreExtensions\code\Sitecore.Foundation.SitecoreExtensions.csproj", "{B535703F-8D07-4F23-A533-2974BB4CC7B1}"
EndProject
Project("{9A19103F-16F7-4668-BE54-9A1E7A4F7556}") = "Sitecore.Foundation.SitecoreExtensions.Tests", "src\Foundation\SitecoreExtensions\Tests\Sitecore.Foundation.SitecoreExtensions.Tests.csproj", "{85F735B7-9BEE-43C3-94DF-539CE267F0B9}"
EndProject
Project("{9A19103F-16F7-4668-BE54-9A1E7A4F7556}") = "Sitecore.Foundation.Serialization", "src\Foundation\Serialization\code\Sitecore.Foundation.Serialization.csproj", "{007CD5DC-0030-460D-91A3-3DDEA9AB472F}"
EndProject
Project("{9A19103F-16F7-4668-BE54-9A1E7A4F7556}") = "Sitecore.Foundation.Multisite", "src\Foundation\Multisite\code\Sitecore.Foundation.Multisite.csproj", "{CFA2AE87-7F8D-4CA6-BB72-B16380190DB7}"
EndProject
Project("{9A19103F-16F7-4668-BE54-9A1E7A4F7556}") = "Sitecore.Foundation.Multisite.Tests", "src\Foundation\Multisite\tests\Sitecore.Foundation.Multisite.Tests.csproj", "{57295D42-6C03-455B-8202-12AEAF233677}"
EndProject
Project("{9A19103F-16F7-4668-BE54-9A1E7A4F7556}") = "Sitecore.Foundation.LocalDatasource", "src\Foundation\LocalDatasource\code\Sitecore.Foundation.LocalDatasource.csproj", "{323CA7A6-6ABB-4652-ABE2-75DAB139CBC0}"
EndProject
Project("{9A19103F-16F7-4668-BE54-9A1E7A4F7556}") = "Sitecore.Foundation.LocalDatasource.Tests", "src\Foundation\LocalDatasource\tests\Sitecore.Foundation.LocalDatasource.Tests.csproj", "{1E797ECB-D017-4ED6-8706-BC89B556F26C}"
EndProject
Project("{9A19103F-16F7-4668-BE54-9A1E7A4F7556}") = "Sitecore.Foundation.Installer", "src\Foundation\Installer\code\Sitecore.Foundation.Installer.csproj", "{622EBD86-43A5-4857-965C-1724F714012A}"
EndProject
Project("{9A19103F-16F7-4668-BE54-9A1E7A4F7556}") = "Sitecore.Foundation.Installer.Tests", "src\Foundation\Installer\tests\Sitecore.Foundation.Installer.Tests.csproj", "{EDD5B894-28C3-4FB5-8A85-AFD9C2FD823D}"
EndProject
Project("{9A19103F-16F7-4668-BE54-9A1E7A4F7556}") = "Sitecore.Foundation.Indexing", "src\Foundation\Indexing\code\Sitecore.Foundation.Indexing.csproj", "{80213F24-577F-4F0B-A3B8-62485EA4D2F3}"
EndProject
Project("{9A19103F-16F7-4668-BE54-9A1E7A4F7556}") = "Sitecore.Foundation.Indexing.Tests", "src\Foundation\Indexing\Tests\Sitecore.Foundation.Indexing.Tests.csproj", "{3ECFDA25-B8AE-43F5-9CA9-4AFDF1F96901}"
EndProject
Project("{9A19103F-16F7-4668-BE54-9A1E7A4F7556}") = "Sitecore.Foundation.FieldEditor", "src\Foundation\FieldEditor\code\Sitecore.Foundation.FieldEditor.csproj", "{812C16C9-1E8A-42DC-A1C0-6896D570F63A}"
EndProject
Project("{9A19103F-16F7-4668-BE54-9A1E7A4F7556}") = "Sitecore.Foundation.FieldEditor.Tests", "src\Foundation\FieldEditor\tests\Sitecore.Foundation.FieldEditor.Tests.csproj", "{F1585C81-8BFD-44D5-8601-C4A4CF5BEA33}"
EndProject
Project("{9A19103F-16F7-4668-BE54-9A1E7A4F7556}") = "Sitecore.Foundation.Dictionary", "src\Foundation\Dictionary\code\Sitecore.Foundation.Dictionary.csproj", "{0D6BA4D8-C469-4AE9-9EBB-93BDF7D7E78F}"
EndProject
Project("{9A19103F-16F7-4668-BE54-9A1E7A4F7556}") = "Sitecore.Foundation.Dictionary.Tests", "src\Foundation\Dictionary\tests\Sitecore.Foundation.Dictionary.Tests.csproj", "{C6AED40E-22F8-49EC-AA3E-D9323E207A9D}"
EndProject
Project("{9A19103F-16F7-4668-BE54-9A1E7A4F7556}") = "Sitecore.Foundation.DependencyInjection", "src\Foundation\DependencyInjection\code\Sitecore.Foundation.DependencyInjection.csproj", "{366148B7-2392-4F42-80D6-786B7A3682AE}"
EndProject
Project("{9A19103F-16F7-4668-BE54-9A1E7A4F7556}") = "Sitecore.Foundation.Assets", "src\Foundation\Assets\code\Sitecore.Foundation.Assets.csproj", "{7E46FF93-EE05-412C-AC47-2A59A13DA73C}"
EndProject
Project("{9A19103F-16F7-4668-BE54-9A1E7A4F7556}") = "Sitecore.Foundation.Alerts", "src\Foundation\Alerts\code\Sitecore.Foundation.Alerts.csproj", "{5CF5FA06-AB27-4DF5-A471-ED57EF3E4AE9}"
EndProject
Project("{9A19103F-16F7-4668-BE54-9A1E7A4F7556}") = "Sitecore.Foundation.Alerts.Tests", "src\Foundation\Alerts\tests\Sitecore.Foundation.Alerts.Tests.csproj", "{EC2C5218-7C4E-4010-820B-8F2593E77AE3}"
EndProject
Project("{9A19103F-16F7-4668-BE54-9A1E7A4F7556}") = "Sitecore.Foundation.Accounts", "src\Foundation\Accounts\code\Sitecore.Foundation.Accounts.csproj", "{CE34A3B7-B91A-41BA-8B16-C1E131E1C621}"
EndProject
Project("{9A19103F-16F7-4668-BE54-9A1E7A4F7556}") = "Sitecore.Foundation.Accounts.Tests", "src\Foundation\Accounts\tests\Sitecore.Foundation.Accounts.Tests.csproj", "{461905E3-1D1F-4A75-A4AF-0EFBC0B35F07}"
EndProject
Project("{9A19103F-16F7-4668-BE54-9A1E7A4F7556}") = "Sitecore.Habitat.Website", "src\Project\Habitat\code\Sitecore.Habitat.Website.csproj", "{86CADB26-5817-46B6-88C7-76D5753722C3}"
EndProject
Project("{9A19103F-16F7-4668-BE54-9A1E7A4F7556}") = "Sitecore.Common.Website", "src\Project\Common\code\Sitecore.Common.Website.csproj", "{C98EAD78-4D83-4789-A621-6011C3D7314D}"
EndProject
Project("{9A19103F-16F7-4668-BE54-9A1E7A4F7556}") = "Sitecore.Feature.Accounts", "src\Feature\Accounts\code\Sitecore.Feature.Accounts.csproj", "{3F61C57D-50D9-4194-8196-EF5F7AA4CCE5}"
EndProject
Project("{9A19103F-16F7-4668-BE54-9A1E7A4F7556}") = "Sitecore.Feature.Demo", "src\Feature\Demo\code\Sitecore.Feature.Demo.csproj", "{4DD516F2-D9E5-4775-B840-E00A71DD7E87}"
EndProject
Project("{9A19103F-16F7-4668-BE54-9A1E7A4F7556}") = "Sitecore.Feature.Accounts.Tests", "src\Feature\Accounts\Tests\Sitecore.Feature.Accounts.Tests.csproj", "{0049EB56-74D3-4F39-B0CE-2295E0747F09}"
EndProject
Project("{9A19103F-16F7-4668-BE54-9A1E7A4F7556}") = "Sitecore.Feature.Demo.Tests", "src\Feature\Demo\tests\Sitecore.Feature.Demo.Tests.csproj", "{0CF1F7D9-121A-4E40-844C-612EC40345F5}"
EndProject
Project("{9A19103F-16F7-4668-BE54-9A1E7A4F7556}") = "Sitecore.Feature.FAQ", "src\Feature\faq\code\Sitecore.Feature.FAQ.csproj", "{C2E10220-2850-484F-8FCA-DCDD1C6E3B53}"
EndProject
Project("{9A19103F-16F7-4668-BE54-9A1E7A4F7556}") = "Sitecore.Feature.Identity", "src\Feature\Identity\code\Sitecore.Feature.Identity.csproj", "{0D0B809C-03AB-4EE1-898F-CFE28CF5B245}"
EndProject
Project("{9A19103F-16F7-4668-BE54-9A1E7A4F7556}") = "Sitecore.Feature.Language", "src\Feature\Language\code\Sitecore.Feature.Language.csproj", "{ACA65632-EE93-422B-B25E-8E31969694F5}"
EndProject
Project("{9A19103F-16F7-4668-BE54-9A1E7A4F7556}") = "Sitecore.Feature.Language.Tests", "src\Feature\Language\Tests\Sitecore.Feature.Language.Tests.csproj", "{B65AC070-F56C-4C2C-9D0E-E76CEF7E8928}"
EndProject
Project("{9A19103F-16F7-4668-BE54-9A1E7A4F7556}") = "Sitecore.Feature.Maps", "src\Feature\Maps\code\Sitecore.Feature.Maps.csproj", "{19CE4259-BD16-4239-AC7C-22220FB26575}"
EndProject
Project("{9A19103F-16F7-4668-BE54-9A1E7A4F7556}") = "Sitecore.Feature.Maps.Tests", "src\Feature\Maps\tests\Sitecore.Feature.Maps.Tests.csproj", "{268D8E32-75BB-4830-9D0E-3F70E1C75A5F}"
EndProject
Project("{9A19103F-16F7-4668-BE54-9A1E7A4F7556}") = "Sitecore.Feature.Media", "src\Feature\Media\code\Sitecore.Feature.Media.csproj", "{1417B162-F987-4CBD-8642-CA4C4119E705}"
EndProject
Project("{9A19103F-16F7-4668-BE54-9A1E7A4F7556}") = "Sitecore.Feature.Media.Tests", "src\Feature\Media\Tests\Sitecore.Feature.Media.Tests.csproj", "{097A482B-CD89-4BA9-939F-B232D35AF8E1}"
EndProject
Project("{9A19103F-16F7-4668-BE54-9A1E7A4F7556}") = "Sitecore.Feature.Metadata", "src\Feature\Metadata\code\Sitecore.Feature.Metadata.csproj", "{2BBD157C-AD28-4055-A208-48A2DA93BD04}"
EndProject
Project("{9A19103F-16F7-4668-BE54-9A1E7A4F7556}") = "Sitecore.Feature.Multisite", "src\Feature\Multisite\code\Sitecore.Feature.Multisite.csproj", "{64CB17EE-49BF-44A6-98F0-4F72EE89073B}"
EndProject
Project("{9A19103F-16F7-4668-BE54-9A1E7A4F7556}") = "Sitecore.Feature.Multisite.Tests", "src\Feature\Multisite\tests\Sitecore.Feature.Multisite.Tests.csproj", "{B2D57490-58A9-4F73-A34E-B4076713F712}"
EndProject
Project("{9A19103F-16F7-4668-BE54-9A1E7A4F7556}") = "Sitecore.Feature.Navigation", "src\Feature\Navigation\code\Sitecore.Feature.Navigation.csproj", "{16003E7F-0FAF-4DEE-B13D-DD327E965A98}"
EndProject
Project("{9A19103F-16F7-4668-BE54-9A1E7A4F7556}") = "Sitecore.Feature.News", "src\Feature\News\code\Sitecore.Feature.News.csproj", "{1AAD6F22-9B6D-4688-8EA5-1AE7044031F7}"
EndProject
Project("{9A19103F-16F7-4668-BE54-9A1E7A4F7556}") = "Sitecore.Feature.News.Tests", "src\Feature\News\Tests\Sitecore.Feature.News.Tests.csproj", "{ADF3A6FF-9E94-400D-8A03-DE9C3A778186}"
EndProject
Project("{9A19103F-16F7-4668-BE54-9A1E7A4F7556}") = "Sitecore.Feature.PageContent", "src\Feature\PageContent\code\Sitecore.Feature.PageContent.csproj", "{DA079E95-DB53-4A66-AB35-2DAB71D19276}"
EndProject
Project("{9A19103F-16F7-4668-BE54-9A1E7A4F7556}") = "Sitecore.Feature.Person", "src\Feature\Person\code\Sitecore.Feature.Person.csproj", "{452C63B5-6019-4EC2-9A9B-9B5DD3241485}"
EndProject
Project("{9A19103F-16F7-4668-BE54-9A1E7A4F7556}") = "Sitecore.Feature.Person.Tests", "src\Feature\Person\tests\Sitecore.Feature.Person.Tests.csproj", "{931B6ABB-1791-44F8-9727-4110FB59C961}"
EndProject
Project("{9A19103F-16F7-4668-BE54-9A1E7A4F7556}") = "Sitecore.Feature.Search", "src\Feature\Search\code\Sitecore.Feature.Search.csproj", "{55B9C026-E106-4185-8213-9CDD53B44E1B}"
EndProject
Project("{9A19103F-16F7-4668-BE54-9A1E7A4F7556}") = "Sitecore.Feature.Social", "src\Feature\Social\code\Sitecore.Feature.Social.csproj", "{B018C183-6976-4766-B2C0-0CBA4C064AED}"
EndProject
Project("{9A19103F-16F7-4668-BE54-9A1E7A4F7556}") = "Sitecore.Feature.Teasers", "src\Feature\Teasers\code\Sitecore.Feature.Teasers.csproj", "{64C1C1EF-71CB-47BD-92F9-4E50CE35BD9F}"
EndProject
Project("{9A19103F-16F7-4668-BE54-9A1E7A4F7556}") = "Sitecore.Feature.Teasers.Tests", "src\Feature\Teasers\tests\Sitecore.Feature.Teasers.Tests.csproj", "{E2E3E9FC-15EB-4212-A6BD-A0D9590541E4}"
EndProject
Global
	GlobalSection(SolutionConfigurationPlatforms) = preSolution
		Debug|Any CPU = Debug|Any CPU
		Release|Any CPU = Release|Any CPU
	EndGlobalSection
	GlobalSection(ProjectConfigurationPlatforms) = postSolution
		{98DE0D1D-26F1-4CCA-847C-4E0FC2DBA5FC}.Debug|Any CPU.ActiveCfg = Debug|Any CPU
		{98DE0D1D-26F1-4CCA-847C-4E0FC2DBA5FC}.Debug|Any CPU.Build.0 = Debug|Any CPU
		{98DE0D1D-26F1-4CCA-847C-4E0FC2DBA5FC}.Release|Any CPU.ActiveCfg = Release|Any CPU
		{98DE0D1D-26F1-4CCA-847C-4E0FC2DBA5FC}.Release|Any CPU.Build.0 = Release|Any CPU
		{A4C73B2A-8F4A-48C5-BFEE-EA31B3DC34D3}.Debug|Any CPU.ActiveCfg = Debug|Any CPU
		{A4C73B2A-8F4A-48C5-BFEE-EA31B3DC34D3}.Release|Any CPU.ActiveCfg = Release|Any CPU
		{7CC3D72B-4518-4B78-BE48-630A263C0F5B}.Debug|Any CPU.ActiveCfg = Debug|Any CPU
		{7CC3D72B-4518-4B78-BE48-630A263C0F5B}.Debug|Any CPU.Build.0 = Debug|Any CPU
		{7CC3D72B-4518-4B78-BE48-630A263C0F5B}.Release|Any CPU.ActiveCfg = Release|Any CPU
		{7CC3D72B-4518-4B78-BE48-630A263C0F5B}.Release|Any CPU.Build.0 = Release|Any CPU
		{B535703F-8D07-4F23-A533-2974BB4CC7B1}.Debug|Any CPU.ActiveCfg = Debug|Any CPU
		{B535703F-8D07-4F23-A533-2974BB4CC7B1}.Debug|Any CPU.Build.0 = Debug|Any CPU
		{B535703F-8D07-4F23-A533-2974BB4CC7B1}.Release|Any CPU.ActiveCfg = Release|Any CPU
		{B535703F-8D07-4F23-A533-2974BB4CC7B1}.Release|Any CPU.Build.0 = Release|Any CPU
		{85F735B7-9BEE-43C3-94DF-539CE267F0B9}.Debug|Any CPU.ActiveCfg = Debug|Any CPU
		{85F735B7-9BEE-43C3-94DF-539CE267F0B9}.Release|Any CPU.ActiveCfg = Release|Any CPU
		{007CD5DC-0030-460D-91A3-3DDEA9AB472F}.Debug|Any CPU.ActiveCfg = Debug|Any CPU
		{007CD5DC-0030-460D-91A3-3DDEA9AB472F}.Debug|Any CPU.Build.0 = Debug|Any CPU
		{007CD5DC-0030-460D-91A3-3DDEA9AB472F}.Release|Any CPU.ActiveCfg = Release|Any CPU
		{007CD5DC-0030-460D-91A3-3DDEA9AB472F}.Release|Any CPU.Build.0 = Release|Any CPU
		{CFA2AE87-7F8D-4CA6-BB72-B16380190DB7}.Debug|Any CPU.ActiveCfg = Debug|Any CPU
		{CFA2AE87-7F8D-4CA6-BB72-B16380190DB7}.Debug|Any CPU.Build.0 = Debug|Any CPU
		{CFA2AE87-7F8D-4CA6-BB72-B16380190DB7}.Release|Any CPU.ActiveCfg = Release|Any CPU
		{CFA2AE87-7F8D-4CA6-BB72-B16380190DB7}.Release|Any CPU.Build.0 = Release|Any CPU
		{57295D42-6C03-455B-8202-12AEAF233677}.Debug|Any CPU.ActiveCfg = Debug|Any CPU
		{57295D42-6C03-455B-8202-12AEAF233677}.Release|Any CPU.ActiveCfg = Release|Any CPU
		{323CA7A6-6ABB-4652-ABE2-75DAB139CBC0}.Debug|Any CPU.ActiveCfg = Debug|Any CPU
		{323CA7A6-6ABB-4652-ABE2-75DAB139CBC0}.Debug|Any CPU.Build.0 = Debug|Any CPU
		{323CA7A6-6ABB-4652-ABE2-75DAB139CBC0}.Release|Any CPU.ActiveCfg = Release|Any CPU
		{323CA7A6-6ABB-4652-ABE2-75DAB139CBC0}.Release|Any CPU.Build.0 = Release|Any CPU
		{1E797ECB-D017-4ED6-8706-BC89B556F26C}.Debug|Any CPU.ActiveCfg = Debug|Any CPU
		{1E797ECB-D017-4ED6-8706-BC89B556F26C}.Release|Any CPU.ActiveCfg = Release|Any CPU
		{622EBD86-43A5-4857-965C-1724F714012A}.Debug|Any CPU.ActiveCfg = Debug|Any CPU
		{622EBD86-43A5-4857-965C-1724F714012A}.Debug|Any CPU.Build.0 = Debug|Any CPU
		{622EBD86-43A5-4857-965C-1724F714012A}.Release|Any CPU.ActiveCfg = Release|Any CPU
		{622EBD86-43A5-4857-965C-1724F714012A}.Release|Any CPU.Build.0 = Release|Any CPU
		{EDD5B894-28C3-4FB5-8A85-AFD9C2FD823D}.Debug|Any CPU.ActiveCfg = Debug|Any CPU
		{EDD5B894-28C3-4FB5-8A85-AFD9C2FD823D}.Release|Any CPU.ActiveCfg = Release|Any CPU
		{80213F24-577F-4F0B-A3B8-62485EA4D2F3}.Debug|Any CPU.ActiveCfg = Debug|Any CPU
		{80213F24-577F-4F0B-A3B8-62485EA4D2F3}.Debug|Any CPU.Build.0 = Debug|Any CPU
		{80213F24-577F-4F0B-A3B8-62485EA4D2F3}.Release|Any CPU.ActiveCfg = Release|Any CPU
		{80213F24-577F-4F0B-A3B8-62485EA4D2F3}.Release|Any CPU.Build.0 = Release|Any CPU
		{3ECFDA25-B8AE-43F5-9CA9-4AFDF1F96901}.Debug|Any CPU.ActiveCfg = Debug|Any CPU
		{3ECFDA25-B8AE-43F5-9CA9-4AFDF1F96901}.Release|Any CPU.ActiveCfg = Release|Any CPU
		{812C16C9-1E8A-42DC-A1C0-6896D570F63A}.Debug|Any CPU.ActiveCfg = Debug|Any CPU
		{812C16C9-1E8A-42DC-A1C0-6896D570F63A}.Debug|Any CPU.Build.0 = Debug|Any CPU
		{812C16C9-1E8A-42DC-A1C0-6896D570F63A}.Release|Any CPU.ActiveCfg = Release|Any CPU
		{812C16C9-1E8A-42DC-A1C0-6896D570F63A}.Release|Any CPU.Build.0 = Release|Any CPU
		{F1585C81-8BFD-44D5-8601-C4A4CF5BEA33}.Debug|Any CPU.ActiveCfg = Debug|Any CPU
		{F1585C81-8BFD-44D5-8601-C4A4CF5BEA33}.Release|Any CPU.ActiveCfg = Release|Any CPU
		{0D6BA4D8-C469-4AE9-9EBB-93BDF7D7E78F}.Debug|Any CPU.ActiveCfg = Debug|Any CPU
		{0D6BA4D8-C469-4AE9-9EBB-93BDF7D7E78F}.Debug|Any CPU.Build.0 = Debug|Any CPU
		{0D6BA4D8-C469-4AE9-9EBB-93BDF7D7E78F}.Release|Any CPU.ActiveCfg = Release|Any CPU
		{0D6BA4D8-C469-4AE9-9EBB-93BDF7D7E78F}.Release|Any CPU.Build.0 = Release|Any CPU
		{C6AED40E-22F8-49EC-AA3E-D9323E207A9D}.Debug|Any CPU.ActiveCfg = Debug|Any CPU
		{C6AED40E-22F8-49EC-AA3E-D9323E207A9D}.Release|Any CPU.ActiveCfg = Release|Any CPU
		{366148B7-2392-4F42-80D6-786B7A3682AE}.Debug|Any CPU.ActiveCfg = Debug|Any CPU
		{366148B7-2392-4F42-80D6-786B7A3682AE}.Debug|Any CPU.Build.0 = Debug|Any CPU
		{366148B7-2392-4F42-80D6-786B7A3682AE}.Release|Any CPU.ActiveCfg = Release|Any CPU
		{366148B7-2392-4F42-80D6-786B7A3682AE}.Release|Any CPU.Build.0 = Release|Any CPU
		{7E46FF93-EE05-412C-AC47-2A59A13DA73C}.Debug|Any CPU.ActiveCfg = Debug|Any CPU
		{7E46FF93-EE05-412C-AC47-2A59A13DA73C}.Debug|Any CPU.Build.0 = Debug|Any CPU
		{7E46FF93-EE05-412C-AC47-2A59A13DA73C}.Release|Any CPU.ActiveCfg = Release|Any CPU
		{7E46FF93-EE05-412C-AC47-2A59A13DA73C}.Release|Any CPU.Build.0 = Release|Any CPU
		{5CF5FA06-AB27-4DF5-A471-ED57EF3E4AE9}.Debug|Any CPU.ActiveCfg = Debug|Any CPU
		{5CF5FA06-AB27-4DF5-A471-ED57EF3E4AE9}.Debug|Any CPU.Build.0 = Debug|Any CPU
		{5CF5FA06-AB27-4DF5-A471-ED57EF3E4AE9}.Release|Any CPU.ActiveCfg = Release|Any CPU
		{5CF5FA06-AB27-4DF5-A471-ED57EF3E4AE9}.Release|Any CPU.Build.0 = Release|Any CPU
		{EC2C5218-7C4E-4010-820B-8F2593E77AE3}.Debug|Any CPU.ActiveCfg = Debug|Any CPU
		{EC2C5218-7C4E-4010-820B-8F2593E77AE3}.Release|Any CPU.ActiveCfg = Release|Any CPU
		{CE34A3B7-B91A-41BA-8B16-C1E131E1C621}.Debug|Any CPU.ActiveCfg = Debug|Any CPU
		{CE34A3B7-B91A-41BA-8B16-C1E131E1C621}.Debug|Any CPU.Build.0 = Debug|Any CPU
		{CE34A3B7-B91A-41BA-8B16-C1E131E1C621}.Release|Any CPU.ActiveCfg = Release|Any CPU
		{CE34A3B7-B91A-41BA-8B16-C1E131E1C621}.Release|Any CPU.Build.0 = Release|Any CPU
		{461905E3-1D1F-4A75-A4AF-0EFBC0B35F07}.Debug|Any CPU.ActiveCfg = Debug|Any CPU
		{461905E3-1D1F-4A75-A4AF-0EFBC0B35F07}.Release|Any CPU.ActiveCfg = Release|Any CPU
		{86CADB26-5817-46B6-88C7-76D5753722C3}.Debug|Any CPU.ActiveCfg = Debug|Any CPU
		{86CADB26-5817-46B6-88C7-76D5753722C3}.Debug|Any CPU.Build.0 = Debug|Any CPU
		{86CADB26-5817-46B6-88C7-76D5753722C3}.Release|Any CPU.ActiveCfg = Release|Any CPU
		{86CADB26-5817-46B6-88C7-76D5753722C3}.Release|Any CPU.Build.0 = Release|Any CPU
		{C98EAD78-4D83-4789-A621-6011C3D7314D}.Debug|Any CPU.ActiveCfg = Debug|Any CPU
		{C98EAD78-4D83-4789-A621-6011C3D7314D}.Debug|Any CPU.Build.0 = Debug|Any CPU
		{C98EAD78-4D83-4789-A621-6011C3D7314D}.Release|Any CPU.ActiveCfg = Release|Any CPU
		{C98EAD78-4D83-4789-A621-6011C3D7314D}.Release|Any CPU.Build.0 = Release|Any CPU
		{3F61C57D-50D9-4194-8196-EF5F7AA4CCE5}.Debug|Any CPU.ActiveCfg = Debug|Any CPU
		{3F61C57D-50D9-4194-8196-EF5F7AA4CCE5}.Debug|Any CPU.Build.0 = Debug|Any CPU
		{3F61C57D-50D9-4194-8196-EF5F7AA4CCE5}.Release|Any CPU.ActiveCfg = Release|Any CPU
		{3F61C57D-50D9-4194-8196-EF5F7AA4CCE5}.Release|Any CPU.Build.0 = Release|Any CPU
		{4DD516F2-D9E5-4775-B840-E00A71DD7E87}.Debug|Any CPU.ActiveCfg = Debug|Any CPU
		{4DD516F2-D9E5-4775-B840-E00A71DD7E87}.Debug|Any CPU.Build.0 = Debug|Any CPU
		{4DD516F2-D9E5-4775-B840-E00A71DD7E87}.Release|Any CPU.ActiveCfg = Release|Any CPU
		{4DD516F2-D9E5-4775-B840-E00A71DD7E87}.Release|Any CPU.Build.0 = Release|Any CPU
		{0049EB56-74D3-4F39-B0CE-2295E0747F09}.Debug|Any CPU.ActiveCfg = Debug|Any CPU
		{0049EB56-74D3-4F39-B0CE-2295E0747F09}.Release|Any CPU.ActiveCfg = Release|Any CPU
		{0CF1F7D9-121A-4E40-844C-612EC40345F5}.Debug|Any CPU.ActiveCfg = Debug|Any CPU
		{0CF1F7D9-121A-4E40-844C-612EC40345F5}.Release|Any CPU.ActiveCfg = Release|Any CPU
		{C2E10220-2850-484F-8FCA-DCDD1C6E3B53}.Debug|Any CPU.ActiveCfg = Debug|Any CPU
		{C2E10220-2850-484F-8FCA-DCDD1C6E3B53}.Debug|Any CPU.Build.0 = Debug|Any CPU
		{C2E10220-2850-484F-8FCA-DCDD1C6E3B53}.Release|Any CPU.ActiveCfg = Release|Any CPU
		{C2E10220-2850-484F-8FCA-DCDD1C6E3B53}.Release|Any CPU.Build.0 = Release|Any CPU
		{0D0B809C-03AB-4EE1-898F-CFE28CF5B245}.Debug|Any CPU.ActiveCfg = Debug|Any CPU
		{0D0B809C-03AB-4EE1-898F-CFE28CF5B245}.Debug|Any CPU.Build.0 = Debug|Any CPU
		{0D0B809C-03AB-4EE1-898F-CFE28CF5B245}.Release|Any CPU.ActiveCfg = Release|Any CPU
		{0D0B809C-03AB-4EE1-898F-CFE28CF5B245}.Release|Any CPU.Build.0 = Release|Any CPU
		{ACA65632-EE93-422B-B25E-8E31969694F5}.Debug|Any CPU.ActiveCfg = Debug|Any CPU
		{ACA65632-EE93-422B-B25E-8E31969694F5}.Debug|Any CPU.Build.0 = Debug|Any CPU
		{ACA65632-EE93-422B-B25E-8E31969694F5}.Release|Any CPU.ActiveCfg = Release|Any CPU
		{ACA65632-EE93-422B-B25E-8E31969694F5}.Release|Any CPU.Build.0 = Release|Any CPU
		{B65AC070-F56C-4C2C-9D0E-E76CEF7E8928}.Debug|Any CPU.ActiveCfg = Debug|Any CPU
		{B65AC070-F56C-4C2C-9D0E-E76CEF7E8928}.Release|Any CPU.ActiveCfg = Release|Any CPU
		{19CE4259-BD16-4239-AC7C-22220FB26575}.Debug|Any CPU.ActiveCfg = Debug|Any CPU
		{19CE4259-BD16-4239-AC7C-22220FB26575}.Debug|Any CPU.Build.0 = Debug|Any CPU
		{19CE4259-BD16-4239-AC7C-22220FB26575}.Release|Any CPU.ActiveCfg = Release|Any CPU
		{19CE4259-BD16-4239-AC7C-22220FB26575}.Release|Any CPU.Build.0 = Release|Any CPU
		{268D8E32-75BB-4830-9D0E-3F70E1C75A5F}.Debug|Any CPU.ActiveCfg = Debug|Any CPU
		{268D8E32-75BB-4830-9D0E-3F70E1C75A5F}.Release|Any CPU.ActiveCfg = Release|Any CPU
		{1417B162-F987-4CBD-8642-CA4C4119E705}.Debug|Any CPU.ActiveCfg = Debug|Any CPU
		{1417B162-F987-4CBD-8642-CA4C4119E705}.Debug|Any CPU.Build.0 = Debug|Any CPU
		{1417B162-F987-4CBD-8642-CA4C4119E705}.Release|Any CPU.ActiveCfg = Release|Any CPU
		{1417B162-F987-4CBD-8642-CA4C4119E705}.Release|Any CPU.Build.0 = Release|Any CPU
		{097A482B-CD89-4BA9-939F-B232D35AF8E1}.Debug|Any CPU.ActiveCfg = Debug|Any CPU
		{097A482B-CD89-4BA9-939F-B232D35AF8E1}.Release|Any CPU.ActiveCfg = Release|Any CPU
		{2BBD157C-AD28-4055-A208-48A2DA93BD04}.Debug|Any CPU.ActiveCfg = Debug|Any CPU
		{2BBD157C-AD28-4055-A208-48A2DA93BD04}.Debug|Any CPU.Build.0 = Debug|Any CPU
		{2BBD157C-AD28-4055-A208-48A2DA93BD04}.Release|Any CPU.ActiveCfg = Release|Any CPU
		{2BBD157C-AD28-4055-A208-48A2DA93BD04}.Release|Any CPU.Build.0 = Release|Any CPU
		{64CB17EE-49BF-44A6-98F0-4F72EE89073B}.Debug|Any CPU.ActiveCfg = Debug|Any CPU
		{64CB17EE-49BF-44A6-98F0-4F72EE89073B}.Debug|Any CPU.Build.0 = Debug|Any CPU
		{64CB17EE-49BF-44A6-98F0-4F72EE89073B}.Release|Any CPU.ActiveCfg = Release|Any CPU
		{64CB17EE-49BF-44A6-98F0-4F72EE89073B}.Release|Any CPU.Build.0 = Release|Any CPU
		{B2D57490-58A9-4F73-A34E-B4076713F712}.Debug|Any CPU.ActiveCfg = Debug|Any CPU
		{B2D57490-58A9-4F73-A34E-B4076713F712}.Release|Any CPU.ActiveCfg = Release|Any CPU
		{16003E7F-0FAF-4DEE-B13D-DD327E965A98}.Debug|Any CPU.ActiveCfg = Debug|Any CPU
		{16003E7F-0FAF-4DEE-B13D-DD327E965A98}.Debug|Any CPU.Build.0 = Debug|Any CPU
		{16003E7F-0FAF-4DEE-B13D-DD327E965A98}.Release|Any CPU.ActiveCfg = Release|Any CPU
		{16003E7F-0FAF-4DEE-B13D-DD327E965A98}.Release|Any CPU.Build.0 = Release|Any CPU
		{1AAD6F22-9B6D-4688-8EA5-1AE7044031F7}.Debug|Any CPU.ActiveCfg = Debug|Any CPU
		{1AAD6F22-9B6D-4688-8EA5-1AE7044031F7}.Debug|Any CPU.Build.0 = Debug|Any CPU
		{1AAD6F22-9B6D-4688-8EA5-1AE7044031F7}.Release|Any CPU.ActiveCfg = Release|Any CPU
		{1AAD6F22-9B6D-4688-8EA5-1AE7044031F7}.Release|Any CPU.Build.0 = Release|Any CPU
		{ADF3A6FF-9E94-400D-8A03-DE9C3A778186}.Debug|Any CPU.ActiveCfg = Debug|Any CPU
		{ADF3A6FF-9E94-400D-8A03-DE9C3A778186}.Release|Any CPU.ActiveCfg = Release|Any CPU
		{DA079E95-DB53-4A66-AB35-2DAB71D19276}.Debug|Any CPU.ActiveCfg = Debug|Any CPU
		{DA079E95-DB53-4A66-AB35-2DAB71D19276}.Debug|Any CPU.Build.0 = Debug|Any CPU
		{DA079E95-DB53-4A66-AB35-2DAB71D19276}.Release|Any CPU.ActiveCfg = Release|Any CPU
		{DA079E95-DB53-4A66-AB35-2DAB71D19276}.Release|Any CPU.Build.0 = Release|Any CPU
		{452C63B5-6019-4EC2-9A9B-9B5DD3241485}.Debug|Any CPU.ActiveCfg = Debug|Any CPU
		{452C63B5-6019-4EC2-9A9B-9B5DD3241485}.Debug|Any CPU.Build.0 = Debug|Any CPU
		{452C63B5-6019-4EC2-9A9B-9B5DD3241485}.Release|Any CPU.ActiveCfg = Release|Any CPU
		{452C63B5-6019-4EC2-9A9B-9B5DD3241485}.Release|Any CPU.Build.0 = Release|Any CPU
		{931B6ABB-1791-44F8-9727-4110FB59C961}.Debug|Any CPU.ActiveCfg = Debug|Any CPU
		{931B6ABB-1791-44F8-9727-4110FB59C961}.Release|Any CPU.ActiveCfg = Release|Any CPU
		{55B9C026-E106-4185-8213-9CDD53B44E1B}.Debug|Any CPU.ActiveCfg = Debug|Any CPU
		{55B9C026-E106-4185-8213-9CDD53B44E1B}.Debug|Any CPU.Build.0 = Debug|Any CPU
		{55B9C026-E106-4185-8213-9CDD53B44E1B}.Release|Any CPU.ActiveCfg = Release|Any CPU
		{55B9C026-E106-4185-8213-9CDD53B44E1B}.Release|Any CPU.Build.0 = Release|Any CPU
		{B018C183-6976-4766-B2C0-0CBA4C064AED}.Debug|Any CPU.ActiveCfg = Debug|Any CPU
		{B018C183-6976-4766-B2C0-0CBA4C064AED}.Debug|Any CPU.Build.0 = Debug|Any CPU
		{B018C183-6976-4766-B2C0-0CBA4C064AED}.Release|Any CPU.ActiveCfg = Release|Any CPU
		{B018C183-6976-4766-B2C0-0CBA4C064AED}.Release|Any CPU.Build.0 = Release|Any CPU
		{64C1C1EF-71CB-47BD-92F9-4E50CE35BD9F}.Debug|Any CPU.ActiveCfg = Debug|Any CPU
		{64C1C1EF-71CB-47BD-92F9-4E50CE35BD9F}.Debug|Any CPU.Build.0 = Debug|Any CPU
		{64C1C1EF-71CB-47BD-92F9-4E50CE35BD9F}.Release|Any CPU.ActiveCfg = Release|Any CPU
		{64C1C1EF-71CB-47BD-92F9-4E50CE35BD9F}.Release|Any CPU.Build.0 = Release|Any CPU
		{E2E3E9FC-15EB-4212-A6BD-A0D9590541E4}.Debug|Any CPU.ActiveCfg = Debug|Any CPU
		{E2E3E9FC-15EB-4212-A6BD-A0D9590541E4}.Release|Any CPU.ActiveCfg = Release|Any CPU
	EndGlobalSection
	GlobalSection(SolutionProperties) = preSolution
		HideSolutionNode = FALSE
	EndGlobalSection
	GlobalSection(NestedProjects) = preSolution
		{1C1BBDF1-B60F-40C0-A361-AFF6E67D69FC} = {94718ED4-3DF5-4E9E-AC87-4AE50BA4106C}
		{D40F223C-0EBB-404F-BE65-DC80CA7A9CCF} = {94718ED4-3DF5-4E9E-AC87-4AE50BA4106C}
		{5D03D750-7865-4CF6-BF81-00E83A71AF83} = {98C744F2-6B76-4626-8811-F42F2B9B5D4F}
		{CDDD3E55-E8A4-4D52-800E-708E4F4E2F6D} = {98C744F2-6B76-4626-8811-F42F2B9B5D4F}
		{4453812E-6211-488E-A51C-A8E105C03582} = {1AA2A2B0-5143-4A1A-99F0-3BEAE05B6472}
		{457536D5-D799-4DB2-A10A-1F93AAAC5A2A} = {1AA2A2B0-5143-4A1A-99F0-3BEAE05B6472}
		{FCE923C8-BC5F-48C7-925B-5B563992A500} = {1AA2A2B0-5143-4A1A-99F0-3BEAE05B6472}
		{96922F54-03EB-4B77-8130-CA0F6E6F2108} = {1AA2A2B0-5143-4A1A-99F0-3BEAE05B6472}
		{E2F9D5E0-75B9-4E93-A606-113CCD579C93} = {1AA2A2B0-5143-4A1A-99F0-3BEAE05B6472}
		{112632E9-7B26-475D-A9C2-7512D47B8D98} = {1AA2A2B0-5143-4A1A-99F0-3BEAE05B6472}
		{2E7FCB17-EC50-409C-954B-5283411C5A12} = {1AA2A2B0-5143-4A1A-99F0-3BEAE05B6472}
		{86149F89-6E57-4483-8C4D-3A8FCBE32906} = {1AA2A2B0-5143-4A1A-99F0-3BEAE05B6472}
		{393FEF48-4615-43CE-A515-76335E2053C1} = {1AA2A2B0-5143-4A1A-99F0-3BEAE05B6472}
		{91AF7FE9-A1B6-447A-86CC-5F2C5916797B} = {1AA2A2B0-5143-4A1A-99F0-3BEAE05B6472}
		{309CABAD-30ED-4BC8-9777-C406DAA8B5E2} = {1AA2A2B0-5143-4A1A-99F0-3BEAE05B6472}
		{EAA3BB91-064E-488B-950E-8AFD3A0F1A18} = {1AA2A2B0-5143-4A1A-99F0-3BEAE05B6472}
		{4771E44E-5CBD-48E4-9B48-C1AEDB37E11A} = {1AA2A2B0-5143-4A1A-99F0-3BEAE05B6472}
		{2DF91B19-2323-418D-80C8-A51C51C25321} = {1AA2A2B0-5143-4A1A-99F0-3BEAE05B6472}
		{3752B9F6-D9AF-4624-9442-96D4A25471A8} = {22B917EC-D855-4A03-911F-E28A430C1DCC}
		{B52ACBF8-14A9-4F4D-A576-9F4E8301A6CF} = {22B917EC-D855-4A03-911F-E28A430C1DCC}
		{22B64DCC-4804-4413-B1AF-80DCAEA9262C} = {22B917EC-D855-4A03-911F-E28A430C1DCC}
		{02045F97-BB8C-41A0-B15C-499119F9DE1D} = {22B917EC-D855-4A03-911F-E28A430C1DCC}
		{E074282F-597E-4329-A17B-BDAF31C44CC0} = {22B917EC-D855-4A03-911F-E28A430C1DCC}
		{EB2B6545-01B3-48F6-8D45-4E9D011D7C54} = {22B917EC-D855-4A03-911F-E28A430C1DCC}
		{161C245F-AB3A-4DC3-B6C6-8D8554C9C7E6} = {22B917EC-D855-4A03-911F-E28A430C1DCC}
		{14851AE4-9E7A-433A-8E88-20F8C5052B16} = {22B917EC-D855-4A03-911F-E28A430C1DCC}
		{40F7DA7F-9A33-4025-AD0A-585DE76D83DC} = {22B917EC-D855-4A03-911F-E28A430C1DCC}
		{CAF70A40-D3DF-4B02-8A64-7A85808000B9} = {22B917EC-D855-4A03-911F-E28A430C1DCC}
		{B7C6335C-70C5-4B3D-AC74-A71E51AA221D} = {22B917EC-D855-4A03-911F-E28A430C1DCC}
		{C91E6B9F-A512-4414-B023-73409CD07079} = {22B917EC-D855-4A03-911F-E28A430C1DCC}
		{C8CE43E5-88F5-4780-A1B2-08C0505BC65B} = {22B917EC-D855-4A03-911F-E28A430C1DCC}
		{E35C26DE-87A5-4525-BF5D-8EEC05D6BA0C} = {22B917EC-D855-4A03-911F-E28A430C1DCC}
		{FD71895F-85F8-4925-9910-19F98CE6909C} = {22B917EC-D855-4A03-911F-E28A430C1DCC}
		{1886707C-C902-444F-A993-2218DAC1A4B7} = {22B917EC-D855-4A03-911F-E28A430C1DCC}
		{98DE0D1D-26F1-4CCA-847C-4E0FC2DBA5FC} = {4453812E-6211-488E-A51C-A8E105C03582}
		{A4C73B2A-8F4A-48C5-BFEE-EA31B3DC34D3} = {4453812E-6211-488E-A51C-A8E105C03582}
		{7CC3D72B-4518-4B78-BE48-630A263C0F5B} = {457536D5-D799-4DB2-A10A-1F93AAAC5A2A}
		{B535703F-8D07-4F23-A533-2974BB4CC7B1} = {FCE923C8-BC5F-48C7-925B-5B563992A500}
		{85F735B7-9BEE-43C3-94DF-539CE267F0B9} = {FCE923C8-BC5F-48C7-925B-5B563992A500}
		{007CD5DC-0030-460D-91A3-3DDEA9AB472F} = {96922F54-03EB-4B77-8130-CA0F6E6F2108}
		{CFA2AE87-7F8D-4CA6-BB72-B16380190DB7} = {E2F9D5E0-75B9-4E93-A606-113CCD579C93}
		{57295D42-6C03-455B-8202-12AEAF233677} = {E2F9D5E0-75B9-4E93-A606-113CCD579C93}
		{323CA7A6-6ABB-4652-ABE2-75DAB139CBC0} = {112632E9-7B26-475D-A9C2-7512D47B8D98}
		{1E797ECB-D017-4ED6-8706-BC89B556F26C} = {112632E9-7B26-475D-A9C2-7512D47B8D98}
		{622EBD86-43A5-4857-965C-1724F714012A} = {2E7FCB17-EC50-409C-954B-5283411C5A12}
		{EDD5B894-28C3-4FB5-8A85-AFD9C2FD823D} = {2E7FCB17-EC50-409C-954B-5283411C5A12}
		{80213F24-577F-4F0B-A3B8-62485EA4D2F3} = {86149F89-6E57-4483-8C4D-3A8FCBE32906}
		{3ECFDA25-B8AE-43F5-9CA9-4AFDF1F96901} = {86149F89-6E57-4483-8C4D-3A8FCBE32906}
		{812C16C9-1E8A-42DC-A1C0-6896D570F63A} = {393FEF48-4615-43CE-A515-76335E2053C1}
		{F1585C81-8BFD-44D5-8601-C4A4CF5BEA33} = {393FEF48-4615-43CE-A515-76335E2053C1}
		{0D6BA4D8-C469-4AE9-9EBB-93BDF7D7E78F} = {91AF7FE9-A1B6-447A-86CC-5F2C5916797B}
		{C6AED40E-22F8-49EC-AA3E-D9323E207A9D} = {91AF7FE9-A1B6-447A-86CC-5F2C5916797B}
		{366148B7-2392-4F42-80D6-786B7A3682AE} = {309CABAD-30ED-4BC8-9777-C406DAA8B5E2}
		{7E46FF93-EE05-412C-AC47-2A59A13DA73C} = {EAA3BB91-064E-488B-950E-8AFD3A0F1A18}
		{5CF5FA06-AB27-4DF5-A471-ED57EF3E4AE9} = {4771E44E-5CBD-48E4-9B48-C1AEDB37E11A}
		{EC2C5218-7C4E-4010-820B-8F2593E77AE3} = {4771E44E-5CBD-48E4-9B48-C1AEDB37E11A}
		{CE34A3B7-B91A-41BA-8B16-C1E131E1C621} = {2DF91B19-2323-418D-80C8-A51C51C25321}
		{461905E3-1D1F-4A75-A4AF-0EFBC0B35F07} = {2DF91B19-2323-418D-80C8-A51C51C25321}
		{86CADB26-5817-46B6-88C7-76D5753722C3} = {CDDD3E55-E8A4-4D52-800E-708E4F4E2F6D}
		{C98EAD78-4D83-4789-A621-6011C3D7314D} = {5D03D750-7865-4CF6-BF81-00E83A71AF83}
		{3F61C57D-50D9-4194-8196-EF5F7AA4CCE5} = {1886707C-C902-444F-A993-2218DAC1A4B7}
		{4DD516F2-D9E5-4775-B840-E00A71DD7E87} = {FD71895F-85F8-4925-9910-19F98CE6909C}
		{0049EB56-74D3-4F39-B0CE-2295E0747F09} = {1886707C-C902-444F-A993-2218DAC1A4B7}
		{0CF1F7D9-121A-4E40-844C-612EC40345F5} = {FD71895F-85F8-4925-9910-19F98CE6909C}
		{C2E10220-2850-484F-8FCA-DCDD1C6E3B53} = {E35C26DE-87A5-4525-BF5D-8EEC05D6BA0C}
		{0D0B809C-03AB-4EE1-898F-CFE28CF5B245} = {C8CE43E5-88F5-4780-A1B2-08C0505BC65B}
		{ACA65632-EE93-422B-B25E-8E31969694F5} = {C91E6B9F-A512-4414-B023-73409CD07079}
		{B65AC070-F56C-4C2C-9D0E-E76CEF7E8928} = {C91E6B9F-A512-4414-B023-73409CD07079}
		{19CE4259-BD16-4239-AC7C-22220FB26575} = {B7C6335C-70C5-4B3D-AC74-A71E51AA221D}
		{268D8E32-75BB-4830-9D0E-3F70E1C75A5F} = {B7C6335C-70C5-4B3D-AC74-A71E51AA221D}
		{1417B162-F987-4CBD-8642-CA4C4119E705} = {CAF70A40-D3DF-4B02-8A64-7A85808000B9}
		{097A482B-CD89-4BA9-939F-B232D35AF8E1} = {CAF70A40-D3DF-4B02-8A64-7A85808000B9}
		{2BBD157C-AD28-4055-A208-48A2DA93BD04} = {40F7DA7F-9A33-4025-AD0A-585DE76D83DC}
		{64CB17EE-49BF-44A6-98F0-4F72EE89073B} = {14851AE4-9E7A-433A-8E88-20F8C5052B16}
		{B2D57490-58A9-4F73-A34E-B4076713F712} = {14851AE4-9E7A-433A-8E88-20F8C5052B16}
		{16003E7F-0FAF-4DEE-B13D-DD327E965A98} = {161C245F-AB3A-4DC3-B6C6-8D8554C9C7E6}
		{1AAD6F22-9B6D-4688-8EA5-1AE7044031F7} = {EB2B6545-01B3-48F6-8D45-4E9D011D7C54}
		{ADF3A6FF-9E94-400D-8A03-DE9C3A778186} = {EB2B6545-01B3-48F6-8D45-4E9D011D7C54}
		{DA079E95-DB53-4A66-AB35-2DAB71D19276} = {E074282F-597E-4329-A17B-BDAF31C44CC0}
		{452C63B5-6019-4EC2-9A9B-9B5DD3241485} = {02045F97-BB8C-41A0-B15C-499119F9DE1D}
		{931B6ABB-1791-44F8-9727-4110FB59C961} = {02045F97-BB8C-41A0-B15C-499119F9DE1D}
		{55B9C026-E106-4185-8213-9CDD53B44E1B} = {22B64DCC-4804-4413-B1AF-80DCAEA9262C}
		{B018C183-6976-4766-B2C0-0CBA4C064AED} = {B52ACBF8-14A9-4F4D-A576-9F4E8301A6CF}
		{64C1C1EF-71CB-47BD-92F9-4E50CE35BD9F} = {3752B9F6-D9AF-4624-9442-96D4A25471A8}
		{E2E3E9FC-15EB-4212-A6BD-A0D9590541E4} = {3752B9F6-D9AF-4624-9442-96D4A25471A8}
	EndGlobalSection
	GlobalSection(ExtensibilityGlobals) = postSolution
		SolutionGuid = {69966106-2C13-4AF2-A533-2443D577A00A}
	EndGlobalSection
EndGlobal
